
Microsoft Visual Studio Solution File, Format Version 12.00
# Visual Studio Version 17
VisualStudioVersion = 17.3.32819.101
MinimumVisualStudioVersion = 10.0.40219.1
Project("{FAE04EC0-301F-11D3-BF4B-00C04F79EFBC}") = "Q1List", "Q1List\Q1List.csproj", "{1B265A54-E853-4293-B96C-31CED4E6EF6C}"
EndProject
Global
	GlobalSection(SolutionConfigurationPlatforms) = preSolution
		Debug|Any CPU = Debug|Any CPU
		Release|Any CPU = Release|Any CPU
	EndGlobalSection
	GlobalSection(ProjectConfigurationPlatforms) = postSolution
		{1B265A54-E853-4293-B96C-31CED4E6EF6C}.Debug|Any CPU.ActiveCfg = Debug|Any CPU
		{1B265A54-E853-4293-B96C-31CED4E6EF6C}.Debug|Any CPU.Build.0 = Debug|Any CPU
		{1B265A54-E853-4293-B96C-31CED4E6EF6C}.Release|Any CPU.ActiveCfg = Release|Any CPU
		{1B265A54-E853-4293-B96C-31CED4E6EF6C}.Release|Any CPU.Build.0 = Release|Any CPU
	EndGlobalSection
	GlobalSection(SolutionProperties) = preSolution
		HideSolutionNode = FALSE
	EndGlobalSection
	GlobalSection(ExtensibilityGlobals) = postSolution
		SolutionGuid = {454BF40D-76F0-4767-8134-76CB21614E02}
	EndGlobalSection
EndGlobal
