
Microsoft Visual Studio Solution File, Format Version 12.00
# Visual Studio Version 17
VisualStudioVersion = 17.3.32819.101
MinimumVisualStudioVersion = 10.0.40219.1
Project("{FAE04EC0-301F-11D3-BF4B-00C04F79EFBC}") = "Q1Condition", "Q1Condition\Q1Condition.csproj", "{881FDEB7-6465-409C-98A1-0D646AB38DF6}"
EndProject
Global
	GlobalSection(SolutionConfigurationPlatforms) = preSolution
		Debug|Any CPU = Debug|Any CPU
		Release|Any CPU = Release|Any CPU
	EndGlobalSection
	GlobalSection(ProjectConfigurationPlatforms) = postSolution
		{881FDEB7-6465-409C-98A1-0D646AB38DF6}.Debug|Any CPU.ActiveCfg = Debug|Any CPU
		{881FDEB7-6465-409C-98A1-0D646AB38DF6}.Debug|Any CPU.Build.0 = Debug|Any CPU
		{881FDEB7-6465-409C-98A1-0D646AB38DF6}.Release|Any CPU.ActiveCfg = Release|Any CPU
		{881FDEB7-6465-409C-98A1-0D646AB38DF6}.Release|Any CPU.Build.0 = Release|Any CPU
	EndGlobalSection
	GlobalSection(SolutionProperties) = preSolution
		HideSolutionNode = FALSE
	EndGlobalSection
	GlobalSection(ExtensibilityGlobals) = postSolution
		SolutionGuid = {50A33A1C-17FD-45E7-B830-15B8F318BB01}
	EndGlobalSection
EndGlobal
