
Microsoft Visual Studio Solution File, Format Version 12.00
# Visual Studio Version 17
VisualStudioVersion = 17.3.32819.101
MinimumVisualStudioVersion = 10.0.40219.1
Project("{FAE04EC0-301F-11D3-BF4B-00C04F79EFBC}") = "Q1Integer", "Q1Integer\Q1Integer.csproj", "{56E323C8-1B03-49FC-AF27-6FB0AFA4D2B5}"
EndProject
Global
	GlobalSection(SolutionConfigurationPlatforms) = preSolution
		Debug|Any CPU = Debug|Any CPU
		Release|Any CPU = Release|Any CPU
	EndGlobalSection
	GlobalSection(ProjectConfigurationPlatforms) = postSolution
		{56E323C8-1B03-49FC-AF27-6FB0AFA4D2B5}.Debug|Any CPU.ActiveCfg = Debug|Any CPU
		{56E323C8-1B03-49FC-AF27-6FB0AFA4D2B5}.Debug|Any CPU.Build.0 = Debug|Any CPU
		{56E323C8-1B03-49FC-AF27-6FB0AFA4D2B5}.Release|Any CPU.ActiveCfg = Release|Any CPU
		{56E323C8-1B03-49FC-AF27-6FB0AFA4D2B5}.Release|Any CPU.Build.0 = Release|Any CPU
	EndGlobalSection
	GlobalSection(SolutionProperties) = preSolution
		HideSolutionNode = FALSE
	EndGlobalSection
	GlobalSection(ExtensibilityGlobals) = postSolution
		SolutionGuid = {5405F17D-0DA5-4703-A323-D10F21DC0224}
	EndGlobalSection
EndGlobal
